<?xml version="1.0" encoding="utf-8"?>
<Project ToolsVersion="4.0" xmlns="http://schemas.microsoft.com/developer/msbuild/2003">
  <ItemGroup>
    <Filter Include="Source Files">
      <UniqueIdentifier>{ddc92016-6b37-4a0e-bc29-b8c18dd8d78f}</UniqueIdentifier>
      <Extensions>cpp;c;cxx;rc;def;r;odl;idl;hpj;bat</Extensions>
    </Filter>
    <Filter Include="Header Files">
      <UniqueIdentifier>{66156489-2700-4eb6-a83b-2d19b54ed953}</UniqueIdentifier>
      <Extensions>h;hpp;hxx;hm;inl</Extensions>
    </Filter>
    <Filter Include="Resource Files">
      <UniqueIdentifier>{9dc45849-84c6-458b-a755-a29b9aa3122e}</UniqueIdentifier>
      <Extensions>ico;cur;bmp;dlg;rc2;rct;bin;rgs;gif;jpg;jpeg;jpe</Extensions>
    </Filter>
  </ItemGroup>
  <ItemGroup>
    <ClCompile Include="AlarmOut.cpp">
      <Filter>Source Files</Filter>
    </ClCompile>
    <ClCompile Include="DlgAlarm.cpp">
      <Filter>Source Files</Filter>
    </ClCompile>
    <ClCompile Include="DlgAnalyze.cpp">
      <Filter>Source Files</Filter>
    </ClCompile>
    <ClCompile Include="DlgChannelSet.cpp">
      <Filter>Source Files</Filter>
    </ClCompile>
    <ClCompile Include="DlgCustomOsd.cpp">
      <Filter>Source Files</Filter>
    </ClCompile>
    <ClCompile Include="DlgDeviceInfo.cpp">
      <Filter>Source Files</Filter>
    </ClCompile>
    <ClCompile Include="DlgIPCFeature.cpp">
      <Filter>Source Files</Filter>
    </ClCompile>
    <ClCompile Include="DlgLog.cpp">
      <Filter>Source Files</Filter>
    </ClCompile>
    <ClCompile Include="DlgMask.cpp">
      <Filter>Source Files</Filter>
    </ClCompile>
    <ClCompile Include="DlgMaskAlarm.cpp">
      <Filter>Source Files</Filter>
    </ClCompile>
    <ClCompile Include="DlgMotion.cpp">
      <Filter>Source Files</Filter>
    </ClCompile>
    <ClCompile Include="DlgNet.cpp">
      <Filter>Source Files</Filter>
    </ClCompile>
    <ClCompile Include="DlgOsd.cpp">
      <Filter>Source Files</Filter>
    </ClCompile>
    <ClCompile Include="DlgPtz.cpp">
      <Filter>Source Files</Filter>
    </ClCompile>
    <ClCompile Include="DlgQuality.cpp">
      <Filter>Source Files</Filter>
    </ClCompile>
    <ClCompile Include="DlgRecordCtrl.cpp">
      <Filter>Source Files</Filter>
    </ClCompile>
    <ClCompile Include="DlgRemoteDo.cpp">
      <Filter>Source Files</Filter>
    </ClCompile>
    <ClCompile Include="DlgRemoteSet.cpp">
      <Filter>Source Files</Filter>
    </ClCompile>
    <ClCompile Include="DlgSearchDevice.cpp">
      <Filter>Source Files</Filter>
    </ClCompile>
    <ClCompile Include="DlgSerialPort.cpp">
      <Filter>Source Files</Filter>
    </ClCompile>
    <ClCompile Include="DlgSubQuality.cpp">
      <Filter>Source Files</Filter>
    </ClCompile>
    <ClCompile Include="DlgVlost.cpp">
      <Filter>Source Files</Filter>
    </ClCompile>
    <ClCompile Include="DlgWorkSheet.cpp">
      <Filter>Source Files</Filter>
    </ClCompile>
    <ClCompile Include="net_demo.cpp">
      <Filter>Source Files</Filter>
    </ClCompile>
    <ClCompile Include="net_demoDlg.cpp">
      <Filter>Source Files</Filter>
    </ClCompile>
    <ClCompile Include="PlaybackDialog.cpp">
      <Filter>Source Files</Filter>
    </ClCompile>
    <ClCompile Include="StdAfx.cpp">
      <Filter>Source Files</Filter>
    </ClCompile>
    <ClCompile Include="Kaoqing.cpp">
      <Filter>Source Files</Filter>
    </ClCompile>
    <ClCompile Include="sqlite3.c">
      <Filter>Source Files</Filter>
    </ClCompile>
    <ClCompile Include="DlgRenyuan.cpp">
      <Filter>Source Files</Filter>
    </ClCompile>
    <ClCompile Include="RecordDlg.cpp">
      <Filter>Source Files</Filter>
    </ClCompile>
    <ClCompile Include="DlgVcatch.cpp">
      <Filter>Source Files</Filter>
    </ClCompile>
  </ItemGroup>
  <ItemGroup>
    <ResourceCompile Include="net_demo.rc">
      <Filter>Source Files</Filter>
    </ResourceCompile>
  </ItemGroup>
  <ItemGroup>
    <ClInclude Include="AlarmOut.h">
      <Filter>Header Files</Filter>
    </ClInclude>
    <ClInclude Include="DlgAlarm.h">
      <Filter>Header Files</Filter>
    </ClInclude>
    <ClInclude Include="DlgAnalyze.h">
      <Filter>Header Files</Filter>
    </ClInclude>
    <ClInclude Include="DlgChannelSet.h">
      <Filter>Header Files</Filter>
    </ClInclude>
    <ClInclude Include="DlgCustomOsd.h">
      <Filter>Header Files</Filter>
    </ClInclude>
    <ClInclude Include="DlgDeviceInfo.h">
      <Filter>Header Files</Filter>
    </ClInclude>
    <ClInclude Include="DlgIPCFeature.h">
      <Filter>Header Files</Filter>
    </ClInclude>
    <ClInclude Include="DlgLog.h">
      <Filter>Header Files</Filter>
    </ClInclude>
    <ClInclude Include="DlgMask.h">
      <Filter>Header Files</Filter>
    </ClInclude>
    <ClInclude Include="DlgMaskAlarm.h">
      <Filter>Header Files</Filter>
    </ClInclude>
    <ClInclude Include="DlgMotion.h">
      <Filter>Header Files</Filter>
    </ClInclude>
    <ClInclude Include="DlgNet.h">
      <Filter>Header Files</Filter>
    </ClInclude>
    <ClInclude Include="DlgOsd.h">
      <Filter>Header Files</Filter>
    </ClInclude>
    <ClInclude Include="DlgPtz.h">
      <Filter>Header Files</Filter>
    </ClInclude>
    <ClInclude Include="DlgQuality.h">
      <Filter>Header Files</Filter>
    </ClInclude>
    <ClInclude Include="DlgRecordCtrl.h">
      <Filter>Header Files</Filter>
    </ClInclude>
    <ClInclude Include="DlgRemoteDo.h">
      <Filter>Header Files</Filter>
    </ClInclude>
    <ClInclude Include="DlgRemoteSet.h">
      <Filter>Header Files</Filter>
    </ClInclude>
    <ClInclude Include="DlgSearchDevice.h">
      <Filter>Header Files</Filter>
    </ClInclude>
    <ClInclude Include="DlgSerialPort.h">
      <Filter>Header Files</Filter>
    </ClInclude>
    <ClInclude Include="DlgSubQuality.h">
      <Filter>Header Files</Filter>
    </ClInclude>
    <ClInclude Include="DlgVlost.h">
      <Filter>Header Files</Filter>
    </ClInclude>
    <ClInclude Include="DlgWorkSheet.h">
      <Filter>Header Files</Filter>
    </ClInclude>
    <ClInclude Include="howellnetsdk.h">
      <Filter>Header Files</Filter>
    </ClInclude>
    <ClInclude Include="HwNetSdk.h">
      <Filter>Header Files</Filter>
    </ClInclude>
    <ClInclude Include="net_demo.h">
      <Filter>Header Files</Filter>
    </ClInclude>
    <ClInclude Include="net_demoDlg.h">
      <Filter>Header Files</Filter>
    </ClInclude>
    <ClInclude Include="net_video_test.h">
      <Filter>Header Files</Filter>
    </ClInclude>
    <ClInclude Include="play_def.h">
      <Filter>Header Files</Filter>
    </ClInclude>
    <ClInclude Include="PlaybackDialog.h">
      <Filter>Header Files</Filter>
    </ClInclude>
    <ClInclude Include="protocol_type.h">
      <Filter>Header Files</Filter>
    </ClInclude>
    <ClInclude Include="Resource.h">
      <Filter>Header Files</Filter>
    </ClInclude>
    <ClInclude Include="StdAfx.h">
      <Filter>Header Files</Filter>
    </ClInclude>
    <ClInclude Include="Kaoqing.h">
      <Filter>Header Files</Filter>
    </ClInclude>
    <ClInclude Include="sqlite3ext.h">
      <Filter>Header Files</Filter>
    </ClInclude>
    <ClInclude Include="sqlite3.h">
      <Filter>Header Files</Filter>
    </ClInclude>
    <ClInclude Include="DlgRenyuan.h">
      <Filter>Header Files</Filter>
    </ClInclude>
    <ClInclude Include="RecordDlg.h">
      <Filter>Header Files</Filter>
    </ClInclude>
    <ClInclude Include="DlgVcatch.h">
      <Filter>Header Files</Filter>
    </ClInclude>
  </ItemGroup>
  <ItemGroup>
    <CustomBuild Include="focus_mask.bmp">
      <Filter>Resource Files</Filter>
    </CustomBuild>
    <CustomBuild Include="motion_mask.bmp">
      <Filter>Resource Files</Filter>
    </CustomBuild>
    <CustomBuild Include="res\net_demo.ico">
      <Filter>Resource Files</Filter>
    </CustomBuild>
    <CustomBuild Include="res\net_demo.rc2">
      <Filter>Resource Files</Filter>
    </CustomBuild>
    <CustomBuild Include="PlaybackDialog.htm" />
    <CustomBuild Include="ReadMe.txt" />
  </ItemGroup>
</Project>